
Microsoft Visual Studio Solution File, Format Version 12.00
# Visual Studio Version 17
VisualStudioVersion = 17.0.31903.59
MinimumVisualStudioVersion = 10.0.40219.1
Project("{FAE04EC0-301F-11D3-BF4B-00C04F79EFBC}") = "ThrottleApi", "ThrottleApi\ThrottleApi.csproj", "{1C8FE0BF-DBDB-4D2D-AA0D-34D292907B22}"
EndProject
Project("{FAE04EC0-301F-11D3-BF4B-00C04F79EFBC}") = "Gateway", "Gateway\Gateway.csproj", "{45BD1119-2A81-4F68-ACDF-A6F48837A948}"
EndProject
Project("{FAE04EC0-301F-11D3-BF4B-00C04F79EFBC}") = "ThrottleApi.Tests", "ThrottleApi.Tests\ThrottleApi.Tests.csproj", "{64979E23-3A4A-4BB3-AFBB-C3F572E39F41}"
EndProject
Global
	GlobalSection(SolutionConfigurationPlatforms) = preSolution
		Debug|Any CPU = Debug|Any CPU
		Release|Any CPU = Release|Any CPU
	EndGlobalSection
	GlobalSection(SolutionProperties) = preSolution
		HideSolutionNode = FALSE
	EndGlobalSection
	GlobalSection(ProjectConfigurationPlatforms) = postSolution
		{1C8FE0BF-DBDB-4D2D-AA0D-34D292907B22}.Debug|Any CPU.ActiveCfg = Debug|Any CPU
		{1C8FE0BF-DBDB-4D2D-AA0D-34D292907B22}.Debug|Any CPU.Build.0 = Debug|Any CPU
		{1C8FE0BF-DBDB-4D2D-AA0D-34D292907B22}.Release|Any CPU.ActiveCfg = Release|Any CPU
		{1C8FE0BF-DBDB-4D2D-AA0D-34D292907B22}.Release|Any CPU.Build.0 = Release|Any CPU
		{45BD1119-2A81-4F68-ACDF-A6F48837A948}.Debug|Any CPU.ActiveCfg = Debug|Any CPU
		{45BD1119-2A81-4F68-ACDF-A6F48837A948}.Debug|Any CPU.Build.0 = Debug|Any CPU
		{45BD1119-2A81-4F68-ACDF-A6F48837A948}.Release|Any CPU.ActiveCfg = Release|Any CPU
		{45BD1119-2A81-4F68-ACDF-A6F48837A948}.Release|Any CPU.Build.0 = Release|Any CPU
		{64979E23-3A4A-4BB3-AFBB-C3F572E39F41}.Debug|Any CPU.ActiveCfg = Debug|Any CPU
		{64979E23-3A4A-4BB3-AFBB-C3F572E39F41}.Debug|Any CPU.Build.0 = Debug|Any CPU
		{64979E23-3A4A-4BB3-AFBB-C3F572E39F41}.Release|Any CPU.ActiveCfg = Release|Any CPU
		{64979E23-3A4A-4BB3-AFBB-C3F572E39F41}.Release|Any CPU.Build.0 = Release|Any CPU
	EndGlobalSection
EndGlobal
